
Microsoft Visual Studio Solution File, Format Version 12.00
# Visual Studio Version 17
VisualStudioVersion = 17.3.32929.385
MinimumVisualStudioVersion = 10.0.40219.1
Project("{FAE04EC0-301F-11D3-BF4B-00C04F79EFBC}") = "Emp", "Emp\Emp.csproj", "{36A90C1C-DC7C-4F82-A82B-59CD209B6ABD}"
EndProject
Global
	GlobalSection(SolutionConfigurationPlatforms) = preSolution
		Debug|Any CPU = Debug|Any CPU
		Release|Any CPU = Release|Any CPU
	EndGlobalSection
	GlobalSection(ProjectConfigurationPlatforms) = postSolution
		{36A90C1C-DC7C-4F82-A82B-59CD209B6ABD}.Debug|Any CPU.ActiveCfg = Debug|Any CPU
		{36A90C1C-DC7C-4F82-A82B-59CD209B6ABD}.Debug|Any CPU.Build.0 = Debug|Any CPU
		{36A90C1C-DC7C-4F82-A82B-59CD209B6ABD}.Release|Any CPU.ActiveCfg = Release|Any CPU
		{36A90C1C-DC7C-4F82-A82B-59CD209B6ABD}.Release|Any CPU.Build.0 = Release|Any CPU
	EndGlobalSection
	GlobalSection(SolutionProperties) = preSolution
		HideSolutionNode = FALSE
	EndGlobalSection
	GlobalSection(ExtensibilityGlobals) = postSolution
		SolutionGuid = {BA070B08-A045-4606-B37D-3510396A3DA5}
	EndGlobalSection
EndGlobal
