
Microsoft Visual Studio Solution File, Format Version 12.00
# Visual Studio Version 17
VisualStudioVersion = 17.3.32922.545
MinimumVisualStudioVersion = 10.0.40219.1
Project("{FAE04EC0-301F-11D3-BF4B-00C04F79EFBC}") = "stud", "stud\stud.csproj", "{A2DC9DD7-40B4-4DA8-873B-FE56DF1B0762}"
EndProject
Global
	GlobalSection(SolutionConfigurationPlatforms) = preSolution
		Debug|Any CPU = Debug|Any CPU
		Release|Any CPU = Release|Any CPU
	EndGlobalSection
	GlobalSection(ProjectConfigurationPlatforms) = postSolution
		{A2DC9DD7-40B4-4DA8-873B-FE56DF1B0762}.Debug|Any CPU.ActiveCfg = Debug|Any CPU
		{A2DC9DD7-40B4-4DA8-873B-FE56DF1B0762}.Debug|Any CPU.Build.0 = Debug|Any CPU
		{A2DC9DD7-40B4-4DA8-873B-FE56DF1B0762}.Release|Any CPU.ActiveCfg = Release|Any CPU
		{A2DC9DD7-40B4-4DA8-873B-FE56DF1B0762}.Release|Any CPU.Build.0 = Release|Any CPU
	EndGlobalSection
	GlobalSection(SolutionProperties) = preSolution
		HideSolutionNode = FALSE
	EndGlobalSection
	GlobalSection(ExtensibilityGlobals) = postSolution
		SolutionGuid = {3EF3D7CA-E7D3-49C5-871A-B3B4EBE6D9F3}
	EndGlobalSection
EndGlobal
